# This file is automatically @generated by Cargo.
# It is not intended for manual editing.
version = 3

[[package]]
name = "harsh-lang"
version = "0.1.39+2026.09.27"

[[package]]
name = "hrs_proc_macro"
version = "0.2.0"
dependencies = [
 "harsh-lang",
]

[[package]]
name = "hrs_quote"
version = "0.1.0"
dependencies = [
 "hrs_proc_macro",
]

[[package]]
name = "hrs_syn"
version = "0.1.0"
dependencies = [
 "hrs_proc_macro",
 "hrs_quote",
]
